
Microsoft Visual Studio Solution File, Format Version 12.00
# Visual Studio 15
VisualStudioVersion = 15.0.28010.2003
MinimumVisualStudioVersion = 10.0.40219.1
Project("{FAE04EC0-301F-11D3-BF4B-00C04F79EFBC}") = "testapp", "testapp.csproj", "{CB51F3EA-7D4D-4963-9197-D9F252B2FB01}"
EndProject
Global
	GlobalSection(SolutionConfigurationPlatforms) = preSolution
		Debug|Any CPU = Debug|Any CPU
		Debug|x64 = Debug|x64
		Release|Any CPU = Release|Any CPU
		Release|x64 = Release|x64
	EndGlobalSection
	GlobalSection(ProjectConfigurationPlatforms) = postSolution
		{CB51F3EA-7D4D-4963-9197-D9F252B2FB01}.Debug|Any CPU.ActiveCfg = Debug|Any CPU
		{CB51F3EA-7D4D-4963-9197-D9F252B2FB01}.Debug|Any CPU.Build.0 = Debug|Any CPU
		{CB51F3EA-7D4D-4963-9197-D9F252B2FB01}.Debug|x64.ActiveCfg = Debug|x64
		{CB51F3EA-7D4D-4963-9197-D9F252B2FB01}.Debug|x64.Build.0 = Debug|x64
		{CB51F3EA-7D4D-4963-9197-D9F252B2FB01}.Release|Any CPU.ActiveCfg = Release|Any CPU
		{CB51F3EA-7D4D-4963-9197-D9F252B2FB01}.Release|Any CPU.Build.0 = Release|Any CPU
		{CB51F3EA-7D4D-4963-9197-D9F252B2FB01}.Release|x64.ActiveCfg = Release|x64
		{CB51F3EA-7D4D-4963-9197-D9F252B2FB01}.Release|x64.Build.0 = Release|x64
	EndGlobalSection
	GlobalSection(SolutionProperties) = preSolution
		HideSolutionNode = FALSE
	EndGlobalSection
	GlobalSection(ExtensibilityGlobals) = postSolution
		SolutionGuid = {F9498060-52CA-40DF-B527-ED66E48505E3}
	EndGlobalSection
EndGlobal
